
Microsoft Visual Studio Solution File, Format Version 12.00
# Visual Studio 2013
VisualStudioVersion = 12.0.40629.0
MinimumVisualStudioVersion = 10.0.40219.1
Project("{FAE04EC0-301F-11D3-BF4B-00C04F79EFBC}") = "TouchIDTest", "TouchIDTest\TouchIDTest.csproj", "{DF3CA9AB-A434-47AB-9725-5AEB7C94226C}"
EndProject
Global
	GlobalSection(SolutionConfigurationPlatforms) = preSolution
		Ad-Hoc|iPhone = Ad-Hoc|iPhone
		Ad-Hoc|iPhoneSimulator = Ad-Hoc|iPhoneSimulator
		AppStore|iPhone = AppStore|iPhone
		AppStore|iPhoneSimulator = AppStore|iPhoneSimulator
		Debug|iPhone = Debug|iPhone
		Debug|iPhoneSimulator = Debug|iPhoneSimulator
		Release|iPhone = Release|iPhone
		Release|iPhoneSimulator = Release|iPhoneSimulator
	EndGlobalSection
	GlobalSection(ProjectConfigurationPlatforms) = postSolution
		{DF3CA9AB-A434-47AB-9725-5AEB7C94226C}.Ad-Hoc|iPhone.ActiveCfg = Ad-Hoc|iPhone
		{DF3CA9AB-A434-47AB-9725-5AEB7C94226C}.Ad-Hoc|iPhone.Build.0 = Ad-Hoc|iPhone
		{DF3CA9AB-A434-47AB-9725-5AEB7C94226C}.Ad-Hoc|iPhoneSimulator.ActiveCfg = Ad-Hoc|iPhoneSimulator
		{DF3CA9AB-A434-47AB-9725-5AEB7C94226C}.Ad-Hoc|iPhoneSimulator.Build.0 = Ad-Hoc|iPhoneSimulator
		{DF3CA9AB-A434-47AB-9725-5AEB7C94226C}.AppStore|iPhone.ActiveCfg = AppStore|iPhone
		{DF3CA9AB-A434-47AB-9725-5AEB7C94226C}.AppStore|iPhone.Build.0 = AppStore|iPhone
		{DF3CA9AB-A434-47AB-9725-5AEB7C94226C}.AppStore|iPhoneSimulator.ActiveCfg = AppStore|iPhoneSimulator
		{DF3CA9AB-A434-47AB-9725-5AEB7C94226C}.AppStore|iPhoneSimulator.Build.0 = AppStore|iPhoneSimulator
		{DF3CA9AB-A434-47AB-9725-5AEB7C94226C}.Debug|iPhone.ActiveCfg = Debug|iPhone
		{DF3CA9AB-A434-47AB-9725-5AEB7C94226C}.Debug|iPhone.Build.0 = Debug|iPhone
		{DF3CA9AB-A434-47AB-9725-5AEB7C94226C}.Debug|iPhoneSimulator.ActiveCfg = Debug|iPhoneSimulator
		{DF3CA9AB-A434-47AB-9725-5AEB7C94226C}.Debug|iPhoneSimulator.Build.0 = Debug|iPhoneSimulator
		{DF3CA9AB-A434-47AB-9725-5AEB7C94226C}.Release|iPhone.ActiveCfg = Release|iPhone
		{DF3CA9AB-A434-47AB-9725-5AEB7C94226C}.Release|iPhone.Build.0 = Release|iPhone
		{DF3CA9AB-A434-47AB-9725-5AEB7C94226C}.Release|iPhoneSimulator.ActiveCfg = Release|iPhoneSimulator
		{DF3CA9AB-A434-47AB-9725-5AEB7C94226C}.Release|iPhoneSimulator.Build.0 = Release|iPhoneSimulator
	EndGlobalSection
	GlobalSection(SolutionProperties) = preSolution
		HideSolutionNode = FALSE
	EndGlobalSection
EndGlobal
